hash: 59cb3246c243cf317d6adfc5d79fcb340005250856260a4700465e4bf917f002
updated: 2019-02-27T15:40:28.927149718+08:00
imports:
- name: github.com/cloudflare/cloudflare-go
  version: 9837a599c0ba49ff8208dd679b4500e8ece407a5
- name: github.com/fsnotify/fsnotify
  version: ccc981bf80385c528a65fbfdd49bf2d8da22aa23
- name: github.com/hashicorp/hcl
  version: 65a6292f0157eff210d03ed1bf6c59b190b8b906
  subpackages:
  - hcl/ast
  - hcl/parser
  - hcl/printer
  - hcl/scanner
  - hcl/strconv
  - hcl/token
  - json/parser
  - json/scanner
  - json/token
- name: github.com/inconshreveable/mousetrap
  version: 76626ae9c91c4f2a10f34cad8ce83ea42c93bb75
- name: github.com/magiconair/properties
  version: 7757cc9fdb852f7579b24170bcacda2c7471bb6a
- name: github.com/mitchellh/go-homedir
  version: af06845cf3004701891bf4fdb884bfe4920b3727
- name: github.com/mitchellh/mapstructure
  version: 3536a929edddb9a5b34bd6861dc4a9647cb459fe
- name: github.com/pelletier/go-toml
  version: 27c6b39a135b7dc87a14afb068809132fb7a9a8f
- name: github.com/pkg/errors
  version: ffb6e22f01932bf7ac35e0bad9be11f01d1c8685
- name: github.com/rs/zerolog
  version: 299ff038c1fb98b0d127137bc6a7a869b9f4ced5
  subpackages:
  - internal/cbor
  - internal/json
- name: github.com/spf13/afero
  version: f4711e4db9e9a1d3887343acb72b2bbfc2f686f5
  subpackages:
  - mem
- name: github.com/spf13/cast
  version: 8c9545af88b134710ab1cd196795e7f2388358d7
- name: github.com/spf13/cobra
  version: d2d81d9a96e23f0255397222bb0b4e3165e492dc
- name: github.com/spf13/jwalterweatherman
  version: 94f6ae3ed3bceceafa716478c5fbf8d29ca601a1
- name: github.com/spf13/pflag
  version: 916c5bf2d89aff6fd3e10e7811337218dfa81cb5
- name: github.com/spf13/viper
  version: d104d259b3380cb653bb793756823c3c41b37b53
- name: golang.org/x/sys
  version: 62eef0e2fa9b2c385f7b2778e763486da6880d37
  subpackages:
  - unix
- name: golang.org/x/text
  version: 6c92c7dc7f53607809182301b96e4cc1975143f1
  subpackages:
  - transform
  - unicode/norm
- name: golang.org/x/time
  version: 85acf8d2951cb2a3bde7632f9ff273ef0379bcbd
  subpackages:
  - rate
- name: gopkg.in/yaml.v2
  version: 51d6538a90f86fe93ac480b35f37b2be17fef232
testImports: []
